
Microsoft Visual Studio Solution File, Format Version 12.00
# Visual Studio 15
VisualStudioVersion = 15.0.26430.6
MinimumVisualStudioVersion = 15.0
Project("{E53339B2-1760-4266-BCC7-CA923CBCF16C}") = "docker-compose", "docker-compose.dcproj", "{B74301C8-0759-45FE-BA6C-E832BABE08E5}"
EndProject
Project("{9A19103F-16F7-4668-BE54-9A1E7A4F7556}") = "Axoom.MyService", "Axoom.MyService\Axoom.MyService.csproj", "{837BC53E-0271-4E9C-B5B5-C60EA7A7C7B5}"
EndProject
Project("{9A19103F-16F7-4668-BE54-9A1E7A4F7556}") = "Axoom.MyService.UnitTests", "Axoom.MyService.UnitTests\Axoom.MyService.UnitTests.csproj", "{113F2D04-69F0-40C3-8797-BA3F356DD812}"
EndProject
Project("{2150E333-8FDC-42A3-9474-1A3956D46DE8}") = "release", "release", "{E7BF52C7-20B2-4671-B0C7-D63EB243C54A}"
	ProjectSection(SolutionItems) = preProject
		..\release\asset.yml = ..\release\asset.yml
	EndProjectSection
EndProject
Global
	GlobalSection(SolutionConfigurationPlatforms) = preSolution
		Debug|Any CPU = Debug|Any CPU
		Release|Any CPU = Release|Any CPU
	EndGlobalSection
	GlobalSection(ProjectConfigurationPlatforms) = postSolution
		{B74301C8-0759-45FE-BA6C-E832BABE08E5}.Debug|Any CPU.ActiveCfg = Debug|Any CPU
		{B74301C8-0759-45FE-BA6C-E832BABE08E5}.Debug|Any CPU.Build.0 = Debug|Any CPU
		{B74301C8-0759-45FE-BA6C-E832BABE08E5}.Release|Any CPU.ActiveCfg = Release|Any CPU
		{B74301C8-0759-45FE-BA6C-E832BABE08E5}.Release|Any CPU.Build.0 = Release|Any CPU
		{837BC53E-0271-4E9C-B5B5-C60EA7A7C7B5}.Debug|Any CPU.ActiveCfg = Debug|Any CPU
		{837BC53E-0271-4E9C-B5B5-C60EA7A7C7B5}.Debug|Any CPU.Build.0 = Debug|Any CPU
		{837BC53E-0271-4E9C-B5B5-C60EA7A7C7B5}.Release|Any CPU.ActiveCfg = Release|Any CPU
		{837BC53E-0271-4E9C-B5B5-C60EA7A7C7B5}.Release|Any CPU.Build.0 = Release|Any CPU
		{113F2D04-69F0-40C3-8797-BA3F356DD812}.Debug|Any CPU.ActiveCfg = Debug|Any CPU
		{113F2D04-69F0-40C3-8797-BA3F356DD812}.Debug|Any CPU.Build.0 = Debug|Any CPU
		{113F2D04-69F0-40C3-8797-BA3F356DD812}.Release|Any CPU.ActiveCfg = Release|Any CPU
		{113F2D04-69F0-40C3-8797-BA3F356DD812}.Release|Any CPU.Build.0 = Release|Any CPU
	EndGlobalSection
	GlobalSection(SolutionProperties) = preSolution
		HideSolutionNode = FALSE
	EndGlobalSection
EndGlobal
